{
  "name": "example-token-server",
  "version": "1.0.0",
  "lockfileVersion": 2,
  "requires": true,
  "packages": {
    "": {
      "name": "example-token-server",
      "version": "1.0.0",
      "license": "ISC",
      "dependencies": {
        "@4players/odin-tokens": "file:../..",
        "@types/node": "^16.10.0"
      }
    },
    "../..": {
      "version": "0.1.0",
      "license": "ISC",
      "dependencies": {
        "js-base64": "^3.7.0",
        "tweetnacl": "^1.0.0"
      },
      "devDependencies": {
        "@typescript-eslint/eslint-plugin": "^4.33.0",
        "@typescript-eslint/parser": "^4.33.0",
        "eslint": "^7.32.0",
        "eslint-config-standard": "^16.0.0",
        "eslint-plugin-import": "^2.24.0",
        "eslint-plugin-node": "^11.1.0",
        "eslint-plugin-promise": "^5.1.0",
        "testyts": "^1.5.0",
        "ts-node": "^10.2.0",
        "typescript": "^4.4.0"
      },
      "engines": {
        "node": ">=12"
      }
    },
    "node_modules/@4players/odin-tokens": {
      "resolved": "../..",
      "link": true
    },
    "node_modules/@types/node": {
      "version": "16.10.3",
      "resolved": "https://registry.npmjs.org/@types/node/-/node-16.10.3.tgz",
      "integrity": "sha512-ho3Ruq+fFnBrZhUYI46n/bV2GjwzSkwuT4dTf0GkuNFmnb8nq4ny2z9JEVemFi6bdEJanHLlYfy9c6FN9B9McQ=="
    }
  },
  "dependencies": {
    "@4players/odin-tokens": {
      "version": "file:../..",
      "requires": {
        "@typescript-eslint/eslint-plugin": "^4.33.0",
        "@typescript-eslint/parser": "^4.33.0",
        "eslint": "^7.32.0",
        "eslint-config-standard": "^16.0.0",
        "eslint-plugin-import": "^2.24.0",
        "eslint-plugin-node": "^11.1.0",
        "eslint-plugin-promise": "^5.1.0",
        "js-base64": "^3.7.0",
        "testyts": "^1.5.0",
        "ts-node": "^10.2.0",
        "tweetnacl": "^1.0.0",
        "typescript": "^4.4.0"
      }
    },
    "@types/node": {
      "version": "16.10.3",
      "resolved": "https://registry.npmjs.org/@types/node/-/node-16.10.3.tgz",
      "integrity": "sha512-ho3Ruq+fFnBrZhUYI46n/bV2GjwzSkwuT4dTf0GkuNFmnb8nq4ny2z9JEVemFi6bdEJanHLlYfy9c6FN9B9McQ=="
    }
  }
}
